// !$*UTF8*$!
{
	archiveVersion = 1;
	classes = {
	};
	objectVersion = 52;
	objects = {

/* Begin PBXBuildFile section */
		1617BCAF2417F65000B63715 /* DetailMapKathedralViewController.swift in Sources */ = {isa = PBXBuildFile; fileRef = 1617BCAE2417F65000B63715 /* DetailMapKathedralViewController.swift */; };
		1617BCB12417F65C00B63715 /* DetailMapKathedralView.swift in Sources */ = {isa = PBXBuildFile; fileRef = 1617BCB02417F65C00B63715 /* DetailMapKathedralView.swift */; };
		1617BCB32418F9D500B63715 /* OnboardingModel.swift in Sources */ = {isa = PBXBuildFile; fileRef = 1617BCB22418F9D500B63715 /* OnboardingModel.swift */; };
		1617BCB52418FA0400B63715 /* OnboardingScreenCollectionViewCell.swift in Sources */ = {isa = PBXBuildFile; fileRef = 1617BCB42418FA0400B63715 /* OnboardingScreenCollectionViewCell.swift */; };
		1617BCB72418FA3300B63715 /* PrayerModel.swift in Sources */ = {isa = PBXBuildFile; fileRef = 1617BCB62418FA3300B63715 /* PrayerModel.swift */; };
		1617BCBE2418FA4500B63715 /* PrayerDetailsCollectionViewCell.swift in Sources */ = {isa = PBXBuildFile; fileRef = 1617BCB92418FA4500B63715 /* PrayerDetailsCollectionViewCell.swift */; };
		1617BCBF2418FA4500B63715 /* PrayerDetailsViewController.swift in Sources */ = {isa = PBXBuildFile; fileRef = 1617BCBA2418FA4500B63715 /* PrayerDetailsViewController.swift */; };
		1617BCC02418FA4500B63715 /* PrayerViewController.swift in Sources */ = {isa = PBXBuildFile; fileRef = 1617BCBC2418FA4500B63715 /* PrayerViewController.swift */; };
		1617BCC12418FA4500B63715 /* PrayerTableViewCell.swift in Sources */ = {isa = PBXBuildFile; fileRef = 1617BCBD2418FA4500B63715 /* PrayerTableViewCell.swift */; };
		1617BCC32418FA5E00B63715 /* PrayerViewModel.swift in Sources */ = {isa = PBXBuildFile; fileRef = 1617BCC22418FA5E00B63715 /* PrayerViewModel.swift */; };
		1617BCC52418FB9900B63715 /* Button.swift in Sources */ = {isa = PBXBuildFile; fileRef = 1617BCC42418FB9900B63715 /* Button.swift */; };
		1617BCC72418FBB200B63715 /* ModalViewController.swift in Sources */ = {isa = PBXBuildFile; fileRef = 1617BCC62418FBB200B63715 /* ModalViewController.swift */; };
		161825372433881E00CFB99A /* DuhovenstvoViewController.swift in Sources */ = {isa = PBXBuildFile; fileRef = 161825362433881E00CFB99A /* DuhovenstvoViewController.swift */; };
		161825392433882A00CFB99A /* DuhovenstvoView.swift in Sources */ = {isa = PBXBuildFile; fileRef = 161825382433882A00CFB99A /* DuhovenstvoView.swift */; };
		1618253B24339B8A00CFB99A /* ChooseSanViewController.swift in Sources */ = {isa = PBXBuildFile; fileRef = 1618253A24339B8A00CFB99A /* ChooseSanViewController.swift */; };
		1618253D24339B9B00CFB99A /* ChooseSanView.swift in Sources */ = {isa = PBXBuildFile; fileRef = 1618253C24339B9B00CFB99A /* ChooseSanView.swift */; };
		161825402433AADE00CFB99A /* ArhieriyViewController.swift in Sources */ = {isa = PBXBuildFile; fileRef = 1618253F2433AADE00CFB99A /* ArhieriyViewController.swift */; };
		161825422433AAF000CFB99A /* ArhieriyView.swift in Sources */ = {isa = PBXBuildFile; fileRef = 161825412433AAF000CFB99A /* ArhieriyView.swift */; };
		161825442434DC4400CFB99A /* ChangeEmailViewController.swift in Sources */ = {isa = PBXBuildFile; fileRef = 161825432434DC4400CFB99A /* ChangeEmailViewController.swift */; };
		161825462434DC5300CFB99A /* ChangeEmailView.swift in Sources */ = {isa = PBXBuildFile; fileRef = 161825452434DC5300CFB99A /* ChangeEmailView.swift */; };
		161825482434F08800CFB99A /* RemindPassViewController.swift in Sources */ = {isa = PBXBuildFile; fileRef = 161825472434F08800CFB99A /* RemindPassViewController.swift */; };
		1618254A2434F09600CFB99A /* RemindPassView.swift in Sources */ = {isa = PBXBuildFile; fileRef = 161825492434F09600CFB99A /* RemindPassView.swift */; };
		161EE5A82423B83C0094B8E0 /* RegistrationFirstPageViewController.swift in Sources */ = {isa = PBXBuildFile; fileRef = 161EE5A72423B83C0094B8E0 /* RegistrationFirstPageViewController.swift */; };
		161EE5AA2423B84D0094B8E0 /* RegistrationFirstPageView.swift in Sources */ = {isa = PBXBuildFile; fileRef = 161EE5A92423B84D0094B8E0 /* RegistrationFirstPageView.swift */; };
		161EE5AD2423C1070094B8E0 /* RegistrationSecondPageViewController.swift in Sources */ = {isa = PBXBuildFile; fileRef = 161EE5AC2423C1070094B8E0 /* RegistrationSecondPageViewController.swift */; };
		161EE5AF2423C1200094B8E0 /* RegistrationSecondPageView.swift in Sources */ = {isa = PBXBuildFile; fileRef = 161EE5AE2423C1200094B8E0 /* RegistrationSecondPageView.swift */; };
		161EE5B12423C3570094B8E0 /* RegistrationThirdPageViewController.swift in Sources */ = {isa = PBXBuildFile; fileRef = 161EE5B02423C3570094B8E0 /* RegistrationThirdPageViewController.swift */; };
		161EE5B32423C3690094B8E0 /* RegistrationThirdPageView.swift in Sources */ = {isa = PBXBuildFile; fileRef = 161EE5B22423C3690094B8E0 /* RegistrationThirdPageView.swift */; };
		162FCF8F24266E0C008F58A7 /* RegistrationFourthPageViewController.swift in Sources */ = {isa = PBXBuildFile; fileRef = 162FCF8E24266E0C008F58A7 /* RegistrationFourthPageViewController.swift */; };
		162FCF9124266E1D008F58A7 /* RegistrationFourthPageView.swift in Sources */ = {isa = PBXBuildFile; fileRef = 162FCF9024266E1D008F58A7 /* RegistrationFourthPageView.swift */; };
		162FCF93242690B3008F58A7 /* RegistrationFifthPageViewController.swift in Sources */ = {isa = PBXBuildFile; fileRef = 162FCF92242690B3008F58A7 /* RegistrationFifthPageViewController.swift */; };
		162FCF95242690BF008F58A7 /* RegistrationFifthPageView.swift in Sources */ = {isa = PBXBuildFile; fileRef = 162FCF94242690BF008F58A7 /* RegistrationFifthPageView.swift */; };
		163E3142242FA4020018B394 /* LoginViewController.swift in Sources */ = {isa = PBXBuildFile; fileRef = 163E3141242FA4020018B394 /* LoginViewController.swift */; };
		163E3144242FA4100018B394 /* LoginView.swift in Sources */ = {isa = PBXBuildFile; fileRef = 163E3143242FA4100018B394 /* LoginView.swift */; };
		163E3146243132190018B394 /* ChacngePasswordVIewController.swift in Sources */ = {isa = PBXBuildFile; fileRef = 163E3145243132190018B394 /* ChacngePasswordVIewController.swift */; };
		163E3148243132270018B394 /* ChacngePasswordVIew.swift in Sources */ = {isa = PBXBuildFile; fileRef = 163E3147243132270018B394 /* ChacngePasswordVIew.swift */; };
		1643C5F62416B28200599D0D /* DetailMapViewController.swift in Sources */ = {isa = PBXBuildFile; fileRef = 1643C5F52416B28200599D0D /* DetailMapViewController.swift */; };
		1643C5F82416B29500599D0D /* DetailMapView.swift in Sources */ = {isa = PBXBuildFile; fileRef = 1643C5F72416B29500599D0D /* DetailMapView.swift */; };
		1655941C242E404600C918D0 /* GeneralPageProfileViewController.swift in Sources */ = {isa = PBXBuildFile; fileRef = 1655941B242E404600C918D0 /* GeneralPageProfileViewController.swift */; };
		1655941E242E405200C918D0 /* GeneralPageProfileView.swift in Sources */ = {isa = PBXBuildFile; fileRef = 1655941D242E405200C918D0 /* GeneralPageProfileView.swift */; };
		1656087224536AF5002015DB /* PlayerViewController.swift in Sources */ = {isa = PBXBuildFile; fileRef = 1656087124536AF5002015DB /* PlayerViewController.swift */; };
		165C28E6240FDD5800A8B685 /* ChurchTableViewCell.swift in Sources */ = {isa = PBXBuildFile; fileRef = 165C28E5240FDD5800A8B685 /* ChurchTableViewCell.swift */; };
		166B4819242B7070009D9945 /* BelieverViewController.swift in Sources */ = {isa = PBXBuildFile; fileRef = 166B4818242B7070009D9945 /* BelieverViewController.swift */; };
		166B481B242B707D009D9945 /* BelieverView.swift in Sources */ = {isa = PBXBuildFile; fileRef = 166B481A242B707D009D9945 /* BelieverView.swift */; };
		166B481D242BC445009D9945 /* ChooseHramViewController.swift in Sources */ = {isa = PBXBuildFile; fileRef = 166B481C242BC445009D9945 /* ChooseHramViewController.swift */; };
		166B481F242BC454009D9945 /* ChooseHramView.swift in Sources */ = {isa = PBXBuildFile; fileRef = 166B481E242BC454009D9945 /* ChooseHramView.swift */; };
		166B4822242BD3C8009D9945 /* HramTableViewCell.swift in Sources */ = {isa = PBXBuildFile; fileRef = 166B4821242BD3C8009D9945 /* HramTableViewCell.swift */; };
		166B4824242D35DA009D9945 /* ChooseEparhiesViewController.swift in Sources */ = {isa = PBXBuildFile; fileRef = 166B4823242D35DA009D9945 /* ChooseEparhiesViewController.swift */; };
		166B4826242D35E6009D9945 /* ChooseEparhiesView.swift in Sources */ = {isa = PBXBuildFile; fileRef = 166B4825242D35E6009D9945 /* ChooseEparhiesView.swift */; };
		166E90BC2403FB16005376D3 /* CalendarView.swift in Sources */ = {isa = PBXBuildFile; fileRef = 166E90BB2403FB16005376D3 /* CalendarView.swift */; };
		167AC7382405793B0044D620 /* CalendarTableCell.swift in Sources */ = {isa = PBXBuildFile; fileRef = 167AC7372405793B0044D620 /* CalendarTableCell.swift */; };
		167AC73A24058DA20044D620 /* API_Zhekon.swift in Sources */ = {isa = PBXBuildFile; fileRef = 167AC73924058DA20044D620 /* API_Zhekon.swift */; };
		167AC73C24058E490044D620 /* ChutchObjects.swift in Sources */ = {isa = PBXBuildFile; fileRef = 167AC73B24058E490044D620 /* ChutchObjects.swift */; };
		167AC73E2406B8FF0044D620 /* DetailHolidayViewController.swift in Sources */ = {isa = PBXBuildFile; fileRef = 167AC73D2406B8FF0044D620 /* DetailHolidayViewController.swift */; };
		167AC7402406B9110044D620 /* DetailHolidayView.swift in Sources */ = {isa = PBXBuildFile; fileRef = 167AC73F2406B9110044D620 /* DetailHolidayView.swift */; };
		167AC7422406BFC80044D620 /* HolidayImageCollectionCell.swift in Sources */ = {isa = PBXBuildFile; fileRef = 167AC7412406BFC80044D620 /* HolidayImageCollectionCell.swift */; };
		4424DF6523D99AF000E5AB65 /* ScrollView + StackView.swift in Sources */ = {isa = PBXBuildFile; fileRef = 4424DF6423D99AF000E5AB65 /* ScrollView + StackView.swift */; };
		4424DF6723D9A92600E5AB65 /* Image.swift in Sources */ = {isa = PBXBuildFile; fileRef = 4424DF6623D9A92600E5AB65 /* Image.swift */; };
		4428D98724498D0E006B1186 /* NewsViewController.swift in Sources */ = {isa = PBXBuildFile; fileRef = 4428D98624498D0E006B1186 /* NewsViewController.swift */; };
		4428D98924498D28006B1186 /* NewsTableViewCell.swift in Sources */ = {isa = PBXBuildFile; fileRef = 4428D98824498D28006B1186 /* NewsTableViewCell.swift */; };
		4428D98C24498D63006B1186 /* NewsDetailsCollectionViewController.swift in Sources */ = {isa = PBXBuildFile; fileRef = 4428D98B24498D63006B1186 /* NewsDetailsCollectionViewController.swift */; };
		4428D98E24498D7C006B1186 /* NewsDetailsCollectionViewCell.swift in Sources */ = {isa = PBXBuildFile; fileRef = 4428D98D24498D7C006B1186 /* NewsDetailsCollectionViewCell.swift */; };
		4428D99024498E29006B1186 /* NewsDetailsViewModel.swift in Sources */ = {isa = PBXBuildFile; fileRef = 4428D98F24498E29006B1186 /* NewsDetailsViewModel.swift */; };
		4428D99224498E51006B1186 /* NewsViewModel.swift in Sources */ = {isa = PBXBuildFile; fileRef = 4428D99124498E51006B1186 /* NewsViewModel.swift */; };
		442A068023D2C781004E98DB /* MapViewModel.swift in Sources */ = {isa = PBXBuildFile; fileRef = 442A067F23D2C781004E98DB /* MapViewModel.swift */; };
		442A068223D2C834004E98DB /* ViewModel.swift in Sources */ = {isa = PBXBuildFile; fileRef = 442A068123D2C834004E98DB /* ViewModel.swift */; };
		442A1A8A23DB095100645ACC /* CGFloat.swift in Sources */ = {isa = PBXBuildFile; fileRef = 442A1A8923DB095100645ACC /* CGFloat.swift */; };
		443155E623CF368C004B5B59 /* AppDelegate.swift in Sources */ = {isa = PBXBuildFile; fileRef = 443155E523CF368C004B5B59 /* AppDelegate.swift */; };
		443155F023CF368C004B5B59 /* PCU.xcdatamodeld in Sources */ = {isa = PBXBuildFile; fileRef = 443155EE23CF368C004B5B59 /* PCU.xcdatamodeld */; };
		443155F223CF368E004B5B59 /* Assets.xcassets in Resources */ = {isa = PBXBuildFile; fileRef = 443155F123CF368E004B5B59 /* Assets.xcassets */; };
		443155F523CF368E004B5B59 /* LaunchScreen.storyboard in Resources */ = {isa = PBXBuildFile; fileRef = 443155F323CF368E004B5B59 /* LaunchScreen.storyboard */; };
		443155FE23CF552B004B5B59 /* MapModel.swift in Sources */ = {isa = PBXBuildFile; fileRef = 443155FD23CF552B004B5B59 /* MapModel.swift */; };
		4431560423D063D5004B5B59 /* libGoogle-Maps-iOS-Utils.a in Frameworks */ = {isa = PBXBuildFile; fileRef = 4431560323D063D5004B5B59 /* libGoogle-Maps-iOS-Utils.a */; };
		4431560D23D0A8AC004B5B59 /* TabBarController.swift in Sources */ = {isa = PBXBuildFile; fileRef = 4431560C23D0A8AC004B5B59 /* TabBarController.swift */; };
		4431561223D0AA05004B5B59 /* Constant.swift in Sources */ = {isa = PBXBuildFile; fileRef = 4431561123D0AA05004B5B59 /* Constant.swift */; };
		4431561423D0AAD3004B5B59 /* NavigationController.swift in Sources */ = {isa = PBXBuildFile; fileRef = 4431561323D0AAD3004B5B59 /* NavigationController.swift */; };
		4431561823D0AB55004B5B59 /* MainViewController.swift in Sources */ = {isa = PBXBuildFile; fileRef = 4431561723D0AB55004B5B59 /* MainViewController.swift */; };
		4431562323D0AE19004B5B59 /* UIViewController.swift in Sources */ = {isa = PBXBuildFile; fileRef = 4431561A23D0AE18004B5B59 /* UIViewController.swift */; };
		4431562423D0AE19004B5B59 /* DispatchQueueHelper.swift in Sources */ = {isa = PBXBuildFile; fileRef = 4431561B23D0AE19004B5B59 /* DispatchQueueHelper.swift */; };
		4431562523D0AE19004B5B59 /* UIView.swift in Sources */ = {isa = PBXBuildFile; fileRef = 4431561C23D0AE19004B5B59 /* UIView.swift */; };
		4431562623D0AE19004B5B59 /* NSLayout.swift in Sources */ = {isa = PBXBuildFile; fileRef = 4431561D23D0AE19004B5B59 /* NSLayout.swift */; };
		4431562723D0AE19004B5B59 /* String.swift in Sources */ = {isa = PBXBuildFile; fileRef = 4431561E23D0AE19004B5B59 /* String.swift */; };
		4431562823D0AE19004B5B59 /* UserDefaults.swift in Sources */ = {isa = PBXBuildFile; fileRef = 4431561F23D0AE19004B5B59 /* UserDefaults.swift */; };
		4431562923D0AE19004B5B59 /* UIImage + UIImageView.swift in Sources */ = {isa = PBXBuildFile; fileRef = 4431562023D0AE19004B5B59 /* UIImage + UIImageView.swift */; };
		4431562A23D0AE19004B5B59 /* UIDevice.swift in Sources */ = {isa = PBXBuildFile; fileRef = 4431562123D0AE19004B5B59 /* UIDevice.swift */; };
		4431AC4523D1CE8000081EC4 /* CalendarViewController.swift in Sources */ = {isa = PBXBuildFile; fileRef = 4431AC4423D1CE8000081EC4 /* CalendarViewController.swift */; };
		444CE79723D8ABD0004667B5 /* CardElement.swift in Sources */ = {isa = PBXBuildFile; fileRef = 444CE79623D8ABD0004667B5 /* CardElement.swift */; };
		444CE79923D8ADEE004667B5 /* Label.swift in Sources */ = {isa = PBXBuildFile; fileRef = 444CE79823D8ADEE004667B5 /* Label.swift */; };
		444CE79B23D8B2E7004667B5 /* UIColor.swift in Sources */ = {isa = PBXBuildFile; fileRef = 444CE79A23D8B2E7004667B5 /* UIColor.swift */; };
		445AC70523DEE4AB000A18E0 /* NewsDetailsCollectionViewController.swift in Sources */ = {isa = PBXBuildFile; fileRef = 445AC70423DEE4AB000A18E0 /* NewsDetailsCollectionViewController.swift */; };
		445AC70723DF05BA000A18E0 /* NewsDetailsCollectionViewCell.swift in Sources */ = {isa = PBXBuildFile; fileRef = 445AC70623DF05BA000A18E0 /* NewsDetailsCollectionViewCell.swift */; };
		445AC70923DF1CDC000A18E0 /* NewsDetailsViewModel.swift in Sources */ = {isa = PBXBuildFile; fileRef = 445AC70823DF1CDC000A18E0 /* NewsDetailsViewModel.swift */; };
		44D3DE6B2453694300732BBA /* PlayerViewController.swift in Sources */ = {isa = PBXBuildFile; fileRef = 44D3DE6A2453694300732BBA /* PlayerViewController.swift */; };
		44D3DE6D245369B300732BBA /* PlayerDetailsView.swift in Sources */ = {isa = PBXBuildFile; fileRef = 44D3DE6C245369B300732BBA /* PlayerDetailsView.swift */; };
		446252CD244EC17F00AF6B74 /* Player.swift in Sources */ = {isa = PBXBuildFile; fileRef = 446252CC244EC17F00AF6B74 /* Player.swift */; };
		44A0905124498B4B00C69019 /* NewsModel.swift in Sources */ = {isa = PBXBuildFile; fileRef = 44A0905024498B4B00C69019 /* NewsModel.swift */; };
		44DDFF5A23D4CBC700024B7C /* API + EndPoints.swift in Sources */ = {isa = PBXBuildFile; fileRef = 44DDFF5923D4CBC700024B7C /* API + EndPoints.swift */; };
		44DDFF5C23D4CBE600024B7C /* Repository.swift in Sources */ = {isa = PBXBuildFile; fileRef = 44DDFF5B23D4CBE600024B7C /* Repository.swift */; };
		44DDFF5E23D4CC1A00024B7C /* APIService.swift in Sources */ = {isa = PBXBuildFile; fileRef = 44DDFF5D23D4CC1A00024B7C /* APIService.swift */; };
		44F494FD242BAEF000A42658 /* PCU-Bridging-Header.h in Sources */ = {isa = PBXBuildFile; fileRef = 4431560223CF78F8004B5B59 /* PCU-Bridging-Header.h */; };
		44FC0A122401757C003A7E7E /* MapViewController.swift in Sources */ = {isa = PBXBuildFile; fileRef = 44FC0A112401757C003A7E7E /* MapViewController.swift */; };
		44FC0A18240175BE003A7E7E /* TempleCollectionViewController.swift in Sources */ = {isa = PBXBuildFile; fileRef = 44FC0A17240175BE003A7E7E /* TempleCollectionViewController.swift */; };
		44FC0A2324027566003A7E7E /* SplashViewController.swift in Sources */ = {isa = PBXBuildFile; fileRef = 44FC0A2224027566003A7E7E /* SplashViewController.swift */; };
		44FC0A2A2402796D003A7E7E /* OnboardingViewController.swift in Sources */ = {isa = PBXBuildFile; fileRef = 44FC0A292402796D003A7E7E /* OnboardingViewController.swift */; };
		4BF25C54820980C31FFA5DFD /* libPods-MyChurch.a in Frameworks */ = {isa = PBXBuildFile; fileRef = 314075550757F62B33A2BC7E /* libPods-MyChurch.a */; };
/* End PBXBuildFile section */

/* Begin PBXFileReference section */
		1617BCAE2417F65000B63715 /* DetailMapKathedralViewController.swift */ = {isa = PBXFileReference; lastKnownFileType = sourcecode.swift; path = DetailMapKathedralViewController.swift; sourceTree = "<group>"; };
		1617BCB02417F65C00B63715 /* DetailMapKathedralView.swift */ = {isa = PBXFileReference; lastKnownFileType = sourcecode.swift; path = DetailMapKathedralView.swift; sourceTree = "<group>"; };
		1617BCB22418F9D500B63715 /* OnboardingModel.swift */ = {isa = PBXFileReference; fileEncoding = 4; lastKnownFileType = sourcecode.swift; name = OnboardingModel.swift; path = MyChurch/Onboarding/Model/OnboardingModel.swift; sourceTree = SOURCE_ROOT; };
		1617BCB42418FA0400B63715 /* OnboardingScreenCollectionViewCell.swift */ = {isa = PBXFileReference; fileEncoding = 4; lastKnownFileType = sourcecode.swift; path = OnboardingScreenCollectionViewCell.swift; sourceTree = "<group>"; };
		1617BCB62418FA3300B63715 /* PrayerModel.swift */ = {isa = PBXFileReference; fileEncoding = 4; lastKnownFileType = sourcecode.swift; path = PrayerModel.swift; sourceTree = "<group>"; };
		1617BCB92418FA4500B63715 /* PrayerDetailsCollectionViewCell.swift */ = {isa = PBXFileReference; fileEncoding = 4; lastKnownFileType = sourcecode.swift; path = PrayerDetailsCollectionViewCell.swift; sourceTree = "<group>"; };
		1617BCBA2418FA4500B63715 /* PrayerDetailsViewController.swift */ = {isa = PBXFileReference; fileEncoding = 4; lastKnownFileType = sourcecode.swift; path = PrayerDetailsViewController.swift; sourceTree = "<group>"; };
		1617BCBC2418FA4500B63715 /* PrayerViewController.swift */ = {isa = PBXFileReference; fileEncoding = 4; lastKnownFileType = sourcecode.swift; path = PrayerViewController.swift; sourceTree = "<group>"; };
		1617BCBD2418FA4500B63715 /* PrayerTableViewCell.swift */ = {isa = PBXFileReference; fileEncoding = 4; lastKnownFileType = sourcecode.swift; path = PrayerTableViewCell.swift; sourceTree = "<group>"; };
		1617BCC22418FA5E00B63715 /* PrayerViewModel.swift */ = {isa = PBXFileReference; fileEncoding = 4; lastKnownFileType = sourcecode.swift; path = PrayerViewModel.swift; sourceTree = "<group>"; };
		1617BCC42418FB9900B63715 /* Button.swift */ = {isa = PBXFileReference; fileEncoding = 4; lastKnownFileType = sourcecode.swift; path = Button.swift; sourceTree = "<group>"; };
		1617BCC62418FBB200B63715 /* ModalViewController.swift */ = {isa = PBXFileReference; fileEncoding = 4; lastKnownFileType = sourcecode.swift; path = ModalViewController.swift; sourceTree = "<group>"; };
		161825362433881E00CFB99A /* DuhovenstvoViewController.swift */ = {isa = PBXFileReference; lastKnownFileType = sourcecode.swift; path = DuhovenstvoViewController.swift; sourceTree = "<group>"; };
		161825382433882A00CFB99A /* DuhovenstvoView.swift */ = {isa = PBXFileReference; lastKnownFileType = sourcecode.swift; path = DuhovenstvoView.swift; sourceTree = "<group>"; };
		1618253A24339B8A00CFB99A /* ChooseSanViewController.swift */ = {isa = PBXFileReference; lastKnownFileType = sourcecode.swift; path = ChooseSanViewController.swift; sourceTree = "<group>"; };
		1618253C24339B9B00CFB99A /* ChooseSanView.swift */ = {isa = PBXFileReference; lastKnownFileType = sourcecode.swift; path = ChooseSanView.swift; sourceTree = "<group>"; };
		1618253F2433AADE00CFB99A /* ArhieriyViewController.swift */ = {isa = PBXFileReference; lastKnownFileType = sourcecode.swift; path = ArhieriyViewController.swift; sourceTree = "<group>"; };
		161825412433AAF000CFB99A /* ArhieriyView.swift */ = {isa = PBXFileReference; lastKnownFileType = sourcecode.swift; path = ArhieriyView.swift; sourceTree = "<group>"; };
		161825432434DC4400CFB99A /* ChangeEmailViewController.swift */ = {isa = PBXFileReference; lastKnownFileType = sourcecode.swift; path = ChangeEmailViewController.swift; sourceTree = "<group>"; };
		161825452434DC5300CFB99A /* ChangeEmailView.swift */ = {isa = PBXFileReference; lastKnownFileType = sourcecode.swift; path = ChangeEmailView.swift; sourceTree = "<group>"; };
		161825472434F08800CFB99A /* RemindPassViewController.swift */ = {isa = PBXFileReference; lastKnownFileType = sourcecode.swift; path = RemindPassViewController.swift; sourceTree = "<group>"; };
		161825492434F09600CFB99A /* RemindPassView.swift */ = {isa = PBXFileReference; lastKnownFileType = sourcecode.swift; path = RemindPassView.swift; sourceTree = "<group>"; };
		161EE5A72423B83C0094B8E0 /* RegistrationFirstPageViewController.swift */ = {isa = PBXFileReference; lastKnownFileType = sourcecode.swift; path = RegistrationFirstPageViewController.swift; sourceTree = "<group>"; };
		161EE5A92423B84D0094B8E0 /* RegistrationFirstPageView.swift */ = {isa = PBXFileReference; lastKnownFileType = sourcecode.swift; path = RegistrationFirstPageView.swift; sourceTree = "<group>"; };
		161EE5AC2423C1070094B8E0 /* RegistrationSecondPageViewController.swift */ = {isa = PBXFileReference; lastKnownFileType = sourcecode.swift; path = RegistrationSecondPageViewController.swift; sourceTree = "<group>"; };
		161EE5AE2423C1200094B8E0 /* RegistrationSecondPageView.swift */ = {isa = PBXFileReference; lastKnownFileType = sourcecode.swift; path = RegistrationSecondPageView.swift; sourceTree = "<group>"; };
		161EE5B02423C3570094B8E0 /* RegistrationThirdPageViewController.swift */ = {isa = PBXFileReference; lastKnownFileType = sourcecode.swift; path = RegistrationThirdPageViewController.swift; sourceTree = "<group>"; };
		161EE5B22423C3690094B8E0 /* RegistrationThirdPageView.swift */ = {isa = PBXFileReference; lastKnownFileType = sourcecode.swift; path = RegistrationThirdPageView.swift; sourceTree = "<group>"; };
		162FCF8E24266E0C008F58A7 /* RegistrationFourthPageViewController.swift */ = {isa = PBXFileReference; lastKnownFileType = sourcecode.swift; path = RegistrationFourthPageViewController.swift; sourceTree = "<group>"; };
		162FCF9024266E1D008F58A7 /* RegistrationFourthPageView.swift */ = {isa = PBXFileReference; lastKnownFileType = sourcecode.swift; path = RegistrationFourthPageView.swift; sourceTree = "<group>"; };
		162FCF92242690B3008F58A7 /* RegistrationFifthPageViewController.swift */ = {isa = PBXFileReference; lastKnownFileType = sourcecode.swift; path = RegistrationFifthPageViewController.swift; sourceTree = "<group>"; };
		162FCF94242690BF008F58A7 /* RegistrationFifthPageView.swift */ = {isa = PBXFileReference; lastKnownFileType = sourcecode.swift; path = RegistrationFifthPageView.swift; sourceTree = "<group>"; };
		163E3141242FA4020018B394 /* LoginViewController.swift */ = {isa = PBXFileReference; lastKnownFileType = sourcecode.swift; path = LoginViewController.swift; sourceTree = "<group>"; };
		163E3143242FA4100018B394 /* LoginView.swift */ = {isa = PBXFileReference; lastKnownFileType = sourcecode.swift; path = LoginView.swift; sourceTree = "<group>"; };
		163E3145243132190018B394 /* ChacngePasswordVIewController.swift */ = {isa = PBXFileReference; lastKnownFileType = sourcecode.swift; path = ChacngePasswordVIewController.swift; sourceTree = "<group>"; };
		163E3147243132270018B394 /* ChacngePasswordVIew.swift */ = {isa = PBXFileReference; lastKnownFileType = sourcecode.swift; path = ChacngePasswordVIew.swift; sourceTree = "<group>"; };
		1643C5F52416B28200599D0D /* DetailMapViewController.swift */ = {isa = PBXFileReference; lastKnownFileType = sourcecode.swift; path = DetailMapViewController.swift; sourceTree = "<group>"; };
		1643C5F72416B29500599D0D /* DetailMapView.swift */ = {isa = PBXFileReference; lastKnownFileType = sourcecode.swift; path = DetailMapView.swift; sourceTree = "<group>"; };
		1655941B242E404600C918D0 /* GeneralPageProfileViewController.swift */ = {isa = PBXFileReference; lastKnownFileType = sourcecode.swift; path = GeneralPageProfileViewController.swift; sourceTree = "<group>"; };
		1655941D242E405200C918D0 /* GeneralPageProfileView.swift */ = {isa = PBXFileReference; lastKnownFileType = sourcecode.swift; path = GeneralPageProfileView.swift; sourceTree = "<group>"; };
		1656087124536AF5002015DB /* PlayerViewController.swift */ = {isa = PBXFileReference; fileEncoding = 4; lastKnownFileType = sourcecode.swift; path = PlayerViewController.swift; sourceTree = "<group>"; };
		165C28E5240FDD5800A8B685 /* ChurchTableViewCell.swift */ = {isa = PBXFileReference; lastKnownFileType = sourcecode.swift; path = ChurchTableViewCell.swift; sourceTree = "<group>"; };
		166B4818242B7070009D9945 /* BelieverViewController.swift */ = {isa = PBXFileReference; lastKnownFileType = sourcecode.swift; path = BelieverViewController.swift; sourceTree = "<group>"; };
		166B481A242B707D009D9945 /* BelieverView.swift */ = {isa = PBXFileReference; lastKnownFileType = sourcecode.swift; path = BelieverView.swift; sourceTree = "<group>"; };
		166B481C242BC445009D9945 /* ChooseHramViewController.swift */ = {isa = PBXFileReference; lastKnownFileType = sourcecode.swift; path = ChooseHramViewController.swift; sourceTree = "<group>"; };
		166B481E242BC454009D9945 /* ChooseHramView.swift */ = {isa = PBXFileReference; lastKnownFileType = sourcecode.swift; path = ChooseHramView.swift; sourceTree = "<group>"; };
		166B4821242BD3C8009D9945 /* HramTableViewCell.swift */ = {isa = PBXFileReference; lastKnownFileType = sourcecode.swift; path = HramTableViewCell.swift; sourceTree = "<group>"; };
		166B4823242D35DA009D9945 /* ChooseEparhiesViewController.swift */ = {isa = PBXFileReference; lastKnownFileType = sourcecode.swift; path = ChooseEparhiesViewController.swift; sourceTree = "<group>"; };
		166B4825242D35E6009D9945 /* ChooseEparhiesView.swift */ = {isa = PBXFileReference; lastKnownFileType = sourcecode.swift; path = ChooseEparhiesView.swift; sourceTree = "<group>"; };
		166E90BB2403FB16005376D3 /* CalendarView.swift */ = {isa = PBXFileReference; lastKnownFileType = sourcecode.swift; path = CalendarView.swift; sourceTree = "<group>"; };
		167AC7372405793B0044D620 /* CalendarTableCell.swift */ = {isa = PBXFileReference; lastKnownFileType = sourcecode.swift; path = CalendarTableCell.swift; sourceTree = "<group>"; };
		167AC73924058DA20044D620 /* API_Zhekon.swift */ = {isa = PBXFileReference; lastKnownFileType = sourcecode.swift; path = API_Zhekon.swift; sourceTree = "<group>"; };
		167AC73B24058E490044D620 /* ChutchObjects.swift */ = {isa = PBXFileReference; lastKnownFileType = sourcecode.swift; path = ChutchObjects.swift; sourceTree = "<group>"; };
		167AC73D2406B8FF0044D620 /* DetailHolidayViewController.swift */ = {isa = PBXFileReference; lastKnownFileType = sourcecode.swift; path = DetailHolidayViewController.swift; sourceTree = "<group>"; };
		167AC73F2406B9110044D620 /* DetailHolidayView.swift */ = {isa = PBXFileReference; lastKnownFileType = sourcecode.swift; path = DetailHolidayView.swift; sourceTree = "<group>"; };
		167AC7412406BFC80044D620 /* HolidayImageCollectionCell.swift */ = {isa = PBXFileReference; lastKnownFileType = sourcecode.swift; path = HolidayImageCollectionCell.swift; sourceTree = "<group>"; };
		314075550757F62B33A2BC7E /* libPods-MyChurch.a */ = {isa = PBXFileReference; explicitFileType = archive.ar; includeInIndex = 0; path = "libPods-MyChurch.a"; sourceTree = BUILT_PRODUCTS_DIR; };
		3A7B8948B07C3AEDD9C87ADB /* Pods-MyChurch.release.xcconfig */ = {isa = PBXFileReference; includeInIndex = 1; lastKnownFileType = text.xcconfig; name = "Pods-MyChurch.release.xcconfig"; path = "Target Support Files/Pods-MyChurch/Pods-MyChurch.release.xcconfig"; sourceTree = "<group>"; };
		4424DF6423D99AF000E5AB65 /* ScrollView + StackView.swift */ = {isa = PBXFileReference; lastKnownFileType = sourcecode.swift; path = "ScrollView + StackView.swift"; sourceTree = "<group>"; };
		4424DF6623D9A92600E5AB65 /* Image.swift */ = {isa = PBXFileReference; lastKnownFileType = sourcecode.swift; path = Image.swift; sourceTree = "<group>"; };
		4428D98624498D0E006B1186 /* NewsViewController.swift */ = {isa = PBXFileReference; lastKnownFileType = sourcecode.swift; path = NewsViewController.swift; sourceTree = "<group>"; };
		4428D98824498D28006B1186 /* NewsTableViewCell.swift */ = {isa = PBXFileReference; lastKnownFileType = sourcecode.swift; path = NewsTableViewCell.swift; sourceTree = "<group>"; };
		4428D98B24498D63006B1186 /* NewsDetailsCollectionViewController.swift */ = {isa = PBXFileReference; lastKnownFileType = sourcecode.swift; path = NewsDetailsCollectionViewController.swift; sourceTree = "<group>"; };
		4428D98D24498D7C006B1186 /* NewsDetailsCollectionViewCell.swift */ = {isa = PBXFileReference; lastKnownFileType = sourcecode.swift; path = NewsDetailsCollectionViewCell.swift; sourceTree = "<group>"; };
		4428D98F24498E29006B1186 /* NewsDetailsViewModel.swift */ = {isa = PBXFileReference; lastKnownFileType = sourcecode.swift; path = NewsDetailsViewModel.swift; sourceTree = "<group>"; };
		4428D99124498E51006B1186 /* NewsViewModel.swift */ = {isa = PBXFileReference; lastKnownFileType = sourcecode.swift; path = NewsViewModel.swift; sourceTree = "<group>"; };
		442A067F23D2C781004E98DB /* MapViewModel.swift */ = {isa = PBXFileReference; lastKnownFileType = sourcecode.swift; path = MapViewModel.swift; sourceTree = "<group>"; };
		442A068123D2C834004E98DB /* ViewModel.swift */ = {isa = PBXFileReference; lastKnownFileType = sourcecode.swift; path = ViewModel.swift; sourceTree = "<group>"; };
		442A075723D3A018004E98DB /* Location.gpx */ = {isa = PBXFileReference; lastKnownFileType = text.xml; path = Location.gpx; sourceTree = "<group>"; };
		442A1A8923DB095100645ACC /* CGFloat.swift */ = {isa = PBXFileReference; lastKnownFileType = sourcecode.swift; path = CGFloat.swift; sourceTree = "<group>"; };
		443155E223CF368C004B5B59 /* Моя церква.app */ = {isa = PBXFileReference; explicitFileType = wrapper.application; includeInIndex = 0; path = "Моя церква.app"; sourceTree = BUILT_PRODUCTS_DIR; };
		443155E523CF368C004B5B59 /* AppDelegate.swift */ = {isa = PBXFileReference; lastKnownFileType = sourcecode.swift; path = AppDelegate.swift; sourceTree = "<group>"; };
		443155EF23CF368C004B5B59 /* PCU.xcdatamodel */ = {isa = PBXFileReference; lastKnownFileType = wrapper.xcdatamodel; path = PCU.xcdatamodel; sourceTree = "<group>"; };
		443155F123CF368E004B5B59 /* Assets.xcassets */ = {isa = PBXFileReference; lastKnownFileType = folder.assetcatalog; path = Assets.xcassets; sourceTree = "<group>"; };
		443155F423CF368E004B5B59 /* Base */ = {isa = PBXFileReference; lastKnownFileType = file.storyboard; name = Base; path = Base.lproj/LaunchScreen.storyboard; sourceTree = "<group>"; };
		443155F623CF368E004B5B59 /* Info.plist */ = {isa = PBXFileReference; lastKnownFileType = text.plist.xml; path = Info.plist; sourceTree = "<group>"; };
		443155FD23CF552B004B5B59 /* MapModel.swift */ = {isa = PBXFileReference; lastKnownFileType = sourcecode.swift; path = MapModel.swift; sourceTree = "<group>"; };
		4431560223CF78F8004B5B59 /* PCU-Bridging-Header.h */ = {isa = PBXFileReference; lastKnownFileType = sourcecode.c.h; path = "PCU-Bridging-Header.h"; sourceTree = "<group>"; };
		4431560323D063D5004B5B59 /* libGoogle-Maps-iOS-Utils.a */ = {isa = PBXFileReference; explicitFileType = archive.ar; path = "libGoogle-Maps-iOS-Utils.a"; sourceTree = BUILT_PRODUCTS_DIR; };
		4431560C23D0A8AC004B5B59 /* TabBarController.swift */ = {isa = PBXFileReference; lastKnownFileType = sourcecode.swift; path = TabBarController.swift; sourceTree = "<group>"; };
		4431561123D0AA05004B5B59 /* Constant.swift */ = {isa = PBXFileReference; lastKnownFileType = sourcecode.swift; path = Constant.swift; sourceTree = "<group>"; };
		4431561323D0AAD3004B5B59 /* NavigationController.swift */ = {isa = PBXFileReference; lastKnownFileType = sourcecode.swift; path = NavigationController.swift; sourceTree = "<group>"; };
		4431561723D0AB55004B5B59 /* MainViewController.swift */ = {isa = PBXFileReference; lastKnownFileType = sourcecode.swift; path = MainViewController.swift; sourceTree = "<group>"; };
		4431561A23D0AE18004B5B59 /* UIViewController.swift */ = {isa = PBXFileReference; fileEncoding = 4; lastKnownFileType = sourcecode.swift; path = UIViewController.swift; sourceTree = "<group>"; };
		4431561B23D0AE19004B5B59 /* DispatchQueueHelper.swift */ = {isa = PBXFileReference; fileEncoding = 4; lastKnownFileType = sourcecode.swift; path = DispatchQueueHelper.swift; sourceTree = "<group>"; };
		4431561C23D0AE19004B5B59 /* UIView.swift */ = {isa = PBXFileReference; fileEncoding = 4; lastKnownFileType = sourcecode.swift; path = UIView.swift; sourceTree = "<group>"; };
		4431561D23D0AE19004B5B59 /* NSLayout.swift */ = {isa = PBXFileReference; fileEncoding = 4; lastKnownFileType = sourcecode.swift; path = NSLayout.swift; sourceTree = "<group>"; };
		4431561E23D0AE19004B5B59 /* String.swift */ = {isa = PBXFileReference; fileEncoding = 4; lastKnownFileType = sourcecode.swift; path = String.swift; sourceTree = "<group>"; };
		4431561F23D0AE19004B5B59 /* UserDefaults.swift */ = {isa = PBXFileReference; fileEncoding = 4; lastKnownFileType = sourcecode.swift; path = UserDefaults.swift; sourceTree = "<group>"; };
		4431562023D0AE19004B5B59 /* UIImage + UIImageView.swift */ = {isa = PBXFileReference; fileEncoding = 4; lastKnownFileType = sourcecode.swift; path = "UIImage + UIImageView.swift"; sourceTree = "<group>"; };
		4431562123D0AE19004B5B59 /* UIDevice.swift */ = {isa = PBXFileReference; fileEncoding = 4; lastKnownFileType = sourcecode.swift; path = UIDevice.swift; sourceTree = "<group>"; };
		4431AC4423D1CE8000081EC4 /* CalendarViewController.swift */ = {isa = PBXFileReference; lastKnownFileType = sourcecode.swift; path = CalendarViewController.swift; sourceTree = "<group>"; };
		444CE79623D8ABD0004667B5 /* CardElement.swift */ = {isa = PBXFileReference; lastKnownFileType = sourcecode.swift; path = CardElement.swift; sourceTree = "<group>"; };
		444CE79823D8ADEE004667B5 /* Label.swift */ = {isa = PBXFileReference; lastKnownFileType = sourcecode.swift; path = Label.swift; sourceTree = "<group>"; };
		444CE79A23D8B2E7004667B5 /* UIColor.swift */ = {isa = PBXFileReference; lastKnownFileType = sourcecode.swift; path = UIColor.swift; sourceTree = "<group>"; };
		445AC70423DEE4AB000A18E0 /* NewsDetailsCollectionViewController.swift */ = {isa = PBXFileReference; lastKnownFileType = sourcecode.swift; path = NewsDetailsCollectionViewController.swift; sourceTree = "<group>"; };
		445AC70623DF05BA000A18E0 /* NewsDetailsCollectionViewCell.swift */ = {isa = PBXFileReference; lastKnownFileType = sourcecode.swift; path = NewsDetailsCollectionViewCell.swift; sourceTree = "<group>"; };
		445AC70823DF1CDC000A18E0 /* NewsDetailsViewModel.swift */ = {isa = PBXFileReference; lastKnownFileType = sourcecode.swift; path = NewsDetailsViewModel.swift; sourceTree = "<group>"; };
		44D3DE6A2453694300732BBA /* PlayerViewController.swift */ = {isa = PBXFileReference; lastKnownFileType = sourcecode.swift; path = PlayerViewController.swift; sourceTree = "<group>"; };
		44D3DE6C245369B300732BBA /* PlayerDetailsView.swift */ = {isa = PBXFileReference; lastKnownFileType = sourcecode.swift; path = PlayerDetailsView.swift; sourceTree = "<group>"; };
		446252CC244EC17F00AF6B74 /* Player.swift */ = {isa = PBXFileReference; lastKnownFileType = sourcecode.swift; path = Player.swift; sourceTree = "<group>"; };
		44A0905024498B4B00C69019 /* NewsModel.swift */ = {isa = PBXFileReference; lastKnownFileType = sourcecode.swift; path = NewsModel.swift; sourceTree = "<group>"; };
		44DDFF5923D4CBC700024B7C /* API + EndPoints.swift */ = {isa = PBXFileReference; lastKnownFileType = sourcecode.swift; path = "API + EndPoints.swift"; sourceTree = "<group>"; };
		44DDFF5B23D4CBE600024B7C /* Repository.swift */ = {isa = PBXFileReference; lastKnownFileType = sourcecode.swift; path = Repository.swift; sourceTree = "<group>"; };
		44DDFF5D23D4CC1A00024B7C /* APIService.swift */ = {isa = PBXFileReference; lastKnownFileType = sourcecode.swift; path = APIService.swift; sourceTree = "<group>"; };
		44FC0A112401757C003A7E7E /* MapViewController.swift */ = {isa = PBXFileReference; fileEncoding = 4; lastKnownFileType = sourcecode.swift; path = MapViewController.swift; sourceTree = "<group>"; };
		44FC0A17240175BE003A7E7E /* TempleCollectionViewController.swift */ = {isa = PBXFileReference; fileEncoding = 4; lastKnownFileType = sourcecode.swift; name = TempleCollectionViewController.swift; path = MyChurch/Map/View/TempleCollectionViewController.swift; sourceTree = SOURCE_ROOT; };
		44FC0A2224027566003A7E7E /* SplashViewController.swift */ = {isa = PBXFileReference; lastKnownFileType = sourcecode.swift; path = SplashViewController.swift; sourceTree = "<group>"; };
		44FC0A292402796D003A7E7E /* OnboardingViewController.swift */ = {isa = PBXFileReference; lastKnownFileType = sourcecode.swift; path = OnboardingViewController.swift; sourceTree = "<group>"; };
		471E3B8C5286604703987697 /* Pods-PCU.debug.xcconfig */ = {isa = PBXFileReference; includeInIndex = 1; lastKnownFileType = text.xcconfig; name = "Pods-PCU.debug.xcconfig"; path = "Target Support Files/Pods-PCU/Pods-PCU.debug.xcconfig"; sourceTree = "<group>"; };
		CE97DA3DAEFE0D763968E1FC /* Pods-PCU.release.xcconfig */ = {isa = PBXFileReference; includeInIndex = 1; lastKnownFileType = text.xcconfig; name = "Pods-PCU.release.xcconfig"; path = "Target Support Files/Pods-PCU/Pods-PCU.release.xcconfig"; sourceTree = "<group>"; };
		ECE781CCA2CE73B231BA4F3E /* Pods-MyChurch.debug.xcconfig */ = {isa = PBXFileReference; includeInIndex = 1; lastKnownFileType = text.xcconfig; name = "Pods-MyChurch.debug.xcconfig"; path = "Target Support Files/Pods-MyChurch/Pods-MyChurch.debug.xcconfig"; sourceTree = "<group>"; };
/* End PBXFileReference section */

/* Begin PBXFrameworksBuildPhase section */
		443155DF23CF368B004B5B59 /* Frameworks */ = {
			isa = PBXFrameworksBuildPhase;
			buildActionMask = 2147483647;
			files = (
				4431560423D063D5004B5B59 /* libGoogle-Maps-iOS-Utils.a in Frameworks */,
				4BF25C54820980C31FFA5DFD /* libPods-MyChurch.a in Frameworks */,
			);
			runOnlyForDeploymentPostprocessing = 0;
		};
/* End PBXFrameworksBuildPhase section */

/* Begin PBXGroup section */
		1617BCAD2417F62500B63715 /* DetailMapKathedral */ = {
			isa = PBXGroup;
			children = (
				1617BCAE2417F65000B63715 /* DetailMapKathedralViewController.swift */,
				1617BCB02417F65C00B63715 /* DetailMapKathedralView.swift */,
			);
			path = DetailMapKathedral;
			sourceTree = "<group>";
		};
		1617BCB82418FA4500B63715 /* Details */ = {
			isa = PBXGroup;
			children = (
				1617BCBA2418FA4500B63715 /* PrayerDetailsViewController.swift */,
				44D3DE6C245369B300732BBA /* PlayerDetailsView.swift */,
				1617BCBA2418FA4500B63715 /* PrayerDetailsConllectionViewController.swift */,
				1617BCB92418FA4500B63715 /* PrayerDetailsCollectionViewCell.swift */,
			);
			path = Details;
			sourceTree = "<group>";
		};
		1617BCBB2418FA4500B63715 /* List */ = {
			isa = PBXGroup;
			children = (
				1617BCBC2418FA4500B63715 /* PrayerViewController.swift */,
				1617BCBD2418FA4500B63715 /* PrayerTableViewCell.swift */,
				44D3DE6A2453694300732BBA /* PlayerViewController.swift */,
				1656087124536AF5002015DB /* PlayerViewController.swift */,
				446252CC244EC17F00AF6B74 /* Player.swift */,
			);
			path = List;
			sourceTree = "<group>";
		};
		16182535243387F200CFB99A /* Duhovenstvo */ = {
			isa = PBXGroup;
			children = (
				161825362433881E00CFB99A /* DuhovenstvoViewController.swift */,
				161825382433882A00CFB99A /* DuhovenstvoView.swift */,
			);
			path = Duhovenstvo;
			sourceTree = "<group>";
		};
		1618253E2433AAA600CFB99A /* Arhieriy */ = {
			isa = PBXGroup;
			children = (
				1618253F2433AADE00CFB99A /* ArhieriyViewController.swift */,
				161825412433AAF000CFB99A /* ArhieriyView.swift */,
			);
			path = Arhieriy;
			sourceTree = "<group>";
		};
		161EE5A62423B81B0094B8E0 /* Profile */ = {
			isa = PBXGroup;
			children = (
				163E3140242FA3E40018B394 /* Login */,
				1655941A242E402700C918D0 /* General page */,
				166B481C242BC445009D9945 /* ChooseHramViewController.swift */,
				166B481E242BC454009D9945 /* ChooseHramView.swift */,
				166B4823242D35DA009D9945 /* ChooseEparhiesViewController.swift */,
				166B4825242D35E6009D9945 /* ChooseEparhiesView.swift */,
				1618253A24339B8A00CFB99A /* ChooseSanViewController.swift */,
				1618253C24339B9B00CFB99A /* ChooseSanView.swift */,
				1618253E2433AAA600CFB99A /* Arhieriy */,
				16182535243387F200CFB99A /* Duhovenstvo */,
				166B4817242B7054009D9945 /* Believer */,
				44F494FE242BBA3D00A42658 /* Charity */,
				161EE5AB2423BE210094B8E0 /* Registration */,
			);
			path = Profile;
			sourceTree = "<group>";
		};
		161EE5AB2423BE210094B8E0 /* Registration */ = {
			isa = PBXGroup;
			children = (
				161EE5A72423B83C0094B8E0 /* RegistrationFirstPageViewController.swift */,
				161EE5A92423B84D0094B8E0 /* RegistrationFirstPageView.swift */,
				161EE5AC2423C1070094B8E0 /* RegistrationSecondPageViewController.swift */,
				161EE5AE2423C1200094B8E0 /* RegistrationSecondPageView.swift */,
				161EE5B02423C3570094B8E0 /* RegistrationThirdPageViewController.swift */,
				161EE5B22423C3690094B8E0 /* RegistrationThirdPageView.swift */,
				162FCF8E24266E0C008F58A7 /* RegistrationFourthPageViewController.swift */,
				162FCF9024266E1D008F58A7 /* RegistrationFourthPageView.swift */,
				162FCF92242690B3008F58A7 /* RegistrationFifthPageViewController.swift */,
				162FCF94242690BF008F58A7 /* RegistrationFifthPageView.swift */,
			);
			path = Registration;
			sourceTree = "<group>";
		};
		163E3140242FA3E40018B394 /* Login */ = {
			isa = PBXGroup;
			children = (
				163E3141242FA4020018B394 /* LoginViewController.swift */,
				163E3143242FA4100018B394 /* LoginView.swift */,
			);
			path = Login;
			sourceTree = "<group>";
		};
		1643C5F42416B25800599D0D /* DetailMap */ = {
			isa = PBXGroup;
			children = (
				1617BCAD2417F62500B63715 /* DetailMapKathedral */,
				1643C5F52416B28200599D0D /* DetailMapViewController.swift */,
				1643C5F72416B29500599D0D /* DetailMapView.swift */,
			);
			path = DetailMap;
			sourceTree = "<group>";
		};
		1655941A242E402700C918D0 /* General page */ = {
			isa = PBXGroup;
			children = (
				1655941B242E404600C918D0 /* GeneralPageProfileViewController.swift */,
				1655941D242E405200C918D0 /* GeneralPageProfileView.swift */,
				163E3145243132190018B394 /* ChacngePasswordVIewController.swift */,
				163E3147243132270018B394 /* ChacngePasswordVIew.swift */,
				161825432434DC4400CFB99A /* ChangeEmailViewController.swift */,
				161825452434DC5300CFB99A /* ChangeEmailView.swift */,
				161825472434F08800CFB99A /* RemindPassViewController.swift */,
				161825492434F09600CFB99A /* RemindPassView.swift */,
			);
			path = "General page";
			sourceTree = "<group>";
		};
		166B4817242B7054009D9945 /* Believer */ = {
			isa = PBXGroup;
			children = (
				166B4818242B7070009D9945 /* BelieverViewController.swift */,
				166B481A242B707D009D9945 /* BelieverView.swift */,
				166B4820242BD3AB009D9945 /* Cells */,
			);
			path = Believer;
			sourceTree = "<group>";
		};
		166B4820242BD3AB009D9945 /* Cells */ = {
			isa = PBXGroup;
			children = (
				166B4821242BD3C8009D9945 /* HramTableViewCell.swift */,
			);
			path = Cells;
			sourceTree = "<group>";
		};
		167AC736240579110044D620 /* Cell */ = {
			isa = PBXGroup;
			children = (
				167AC7372405793B0044D620 /* CalendarTableCell.swift */,
				167AC7412406BFC80044D620 /* HolidayImageCollectionCell.swift */,
			);
			path = Cell;
			sourceTree = "<group>";
		};
		4424DF6B23D9CC1400E5AB65 /* Detalis */ = {
			isa = PBXGroup;
			children = (
				445AC70423DEE4AB000A18E0 /* NewsDetailsCollectionViewController.swift */,
				445AC70623DF05BA000A18E0 /* NewsDetailsCollectionViewCell.swift */,
			);
			name = Detalis;
			path = ..;
		4428D98524498CEF006B1186 /* List */ = {
			isa = PBXGroup;
			children = (
				4428D98624498D0E006B1186 /* NewsViewController.swift */,
				4428D98824498D28006B1186 /* NewsTableViewCell.swift */,
			);
			path = List;
			sourceTree = "<group>";
		};
		4428D98A24498D32006B1186 /* Details */ = {
			isa = PBXGroup;
			children = (
				4431AC4623D1CE9400081EC4 /* NewsViewController.swift */,
				4424DF6923D9B05800E5AB65 /* NewsTableViewCell.swift */,
				4428D98B24498D63006B1186 /* NewsDetailsCollectionViewController.swift */,
				4428D98D24498D7C006B1186 /* NewsDetailsCollectionViewCell.swift */,
			);
			path = Details;
			sourceTree = "<group>";
		};
		443155D923CF368B004B5B59 = {
			isa = PBXGroup;
			children = (
				443155E423CF368C004B5B59 /* MyChurch */,
				443155E323CF368C004B5B59 /* Products */,
				FD7464E5D85BDC37C6677429 /* Pods */,
				A311C5691A198B94B5680AE9 /* Frameworks */,
			);
			sourceTree = "<group>";
		};
		443155E323CF368C004B5B59 /* Products */ = {
			isa = PBXGroup;
			children = (
				443155E223CF368C004B5B59 /* Моя церква.app */,
			);
			name = Products;
			sourceTree = "<group>";
		};
		443155E423CF368C004B5B59 /* MyChurch */ = {
			isa = PBXGroup;
			children = (
				443155F123CF368E004B5B59 /* Assets.xcassets */,
				4431560F23D0A941004B5B59 /* Source */,
				44FC0A20240274FB003A7E7E /* Splash */,
				44FC0A24240277D7003A7E7E /* Onboarding */,
				44FC0A0224017016003A7E7E /* Map */,
				4431560723D0A778004B5B59 /* Calendar */,
				44A0904B24498AE500C69019 /* News */,
				4431560B23D0A7E1004B5B59 /* Prayer */,
				161EE5A62423B81B0094B8E0 /* Profile */,
				444CE79523D8ABA7004667B5 /* Common */,
				4431560E23D0A918004B5B59 /* Service */,
				4431561923D0ADAD004B5B59 /* Extension */,
			);
			path = MyChurch;
			sourceTree = "<group>";
		};
		4431560023CF65D0004B5B59 /* View */ = {
			isa = PBXGroup;
			children = (
				44FC0A112401757C003A7E7E /* MapViewController.swift */,
				44FC0A17240175BE003A7E7E /* TempleCollectionViewController.swift */,
				165C28E5240FDD5800A8B685 /* ChurchTableViewCell.swift */,
			);
			path = View;
			sourceTree = "<group>";
		};
		4431560723D0A778004B5B59 /* Calendar */ = {
			isa = PBXGroup;
			children = (
				167AC736240579110044D620 /* Cell */,
				4431AC4423D1CE8000081EC4 /* CalendarViewController.swift */,
				166E90BB2403FB16005376D3 /* CalendarView.swift */,
				167AC73D2406B8FF0044D620 /* DetailHolidayViewController.swift */,
				167AC73F2406B9110044D620 /* DetailHolidayView.swift */,
			);
			path = Calendar;
			sourceTree = "<group>";
		};
		4431560B23D0A7E1004B5B59 /* Prayer */ = {
			isa = PBXGroup;
			children = (
				44FC0A1C24017614003A7E7E /* Model */,
				44FC0A1A24017605003A7E7E /* View */,
				44FC0A1B2401760E003A7E7E /* ViewModel */,
			);
			path = Prayer;
			sourceTree = "<group>";
		};
		4431560E23D0A918004B5B59 /* Service */ = {
			isa = PBXGroup;
			children = (
				4431561123D0AA05004B5B59 /* Constant.swift */,
				44DDFF5923D4CBC700024B7C /* API + EndPoints.swift */,
				44DDFF5B23D4CBE600024B7C /* Repository.swift */,
				44DDFF5D23D4CC1A00024B7C /* APIService.swift */,
				167AC73924058DA20044D620 /* API_Zhekon.swift */,
				167AC73B24058E490044D620 /* ChutchObjects.swift */,
			);
			path = Service;
			sourceTree = "<group>";
		};
		4431560F23D0A941004B5B59 /* Source */ = {
			isa = PBXGroup;
			children = (
				443155F323CF368E004B5B59 /* LaunchScreen.storyboard */,
				443155E523CF368C004B5B59 /* AppDelegate.swift */,
				4431560223CF78F8004B5B59 /* PCU-Bridging-Header.h */,
				443155F623CF368E004B5B59 /* Info.plist */,
				443155EE23CF368C004B5B59 /* PCU.xcdatamodeld */,
				442A075723D3A018004E98DB /* Location.gpx */,
			);
			name = Source;
			sourceTree = "<group>";
		};
		4431561923D0ADAD004B5B59 /* Extension */ = {
			isa = PBXGroup;
			children = (
				4431561F23D0AE19004B5B59 /* UserDefaults.swift */,
				4431561B23D0AE19004B5B59 /* DispatchQueueHelper.swift */,
				4431561D23D0AE19004B5B59 /* NSLayout.swift */,
				4431562123D0AE19004B5B59 /* UIDevice.swift */,
				4431562023D0AE19004B5B59 /* UIImage + UIImageView.swift */,
				4431561C23D0AE19004B5B59 /* UIView.swift */,
				4431561A23D0AE18004B5B59 /* UIViewController.swift */,
				444CE79A23D8B2E7004667B5 /* UIColor.swift */,
				442A1A8923DB095100645ACC /* CGFloat.swift */,
				4431561E23D0AE19004B5B59 /* String.swift */,
			);
			path = Extension;
			sourceTree = "<group>";
		};
		444CE79523D8ABA7004667B5 /* Common */ = {
			isa = PBXGroup;
			children = (
				1617BCC42418FB9900B63715 /* Button.swift */,
				4424DF6423D99AF000E5AB65 /* ScrollView + StackView.swift */,
				444CE79823D8ADEE004667B5 /* Label.swift */,
				1617BCC62418FBB200B63715 /* ModalViewController.swift */,
				4424DF6623D9A92600E5AB65 /* Image.swift */,
				444CE79623D8ABD0004667B5 /* CardElement.swift */,
				4431560C23D0A8AC004B5B59 /* TabBarController.swift */,
				4431561323D0AAD3004B5B59 /* NavigationController.swift */,
				4431561723D0AB55004B5B59 /* MainViewController.swift */,
				442A068123D2C834004E98DB /* ViewModel.swift */,
			);
			path = Common;
			sourceTree = "<group>";
		};
		44A0904B24498AE500C69019 /* News */ = {
			isa = PBXGroup;
			children = (
				44A0904C24498AF900C69019 /* Model */,
				44A0904D24498B0300C69019 /* View */,
				44A0904E24498B0900C69019 /* ViewModel */,
			);
			path = News;
			sourceTree = "<group>";
		};
		44A0904C24498AF900C69019 /* Model */ = {
			isa = PBXGroup;
			children = (
				44A0905024498B4B00C69019 /* NewsModel.swift */,
			);
			path = Model;
			sourceTree = "<group>";
		};
		44A0904D24498B0300C69019 /* View */ = {
			isa = PBXGroup;
			children = (
				4428D98524498CEF006B1186 /* List */,
				4428D98A24498D32006B1186 /* Details */,
			);
			path = View;
			sourceTree = "<group>";
		};
		44A0904E24498B0900C69019 /* ViewModel */ = {
			isa = PBXGroup;
			children = (
				4428D99124498E51006B1186 /* NewsViewModel.swift */,
				4428D98F24498E29006B1186 /* NewsDetailsViewModel.swift */,
			);
			path = ViewModel;
			sourceTree = "<group>";
		};
		44F494FE242BBA3D00A42658 /* Charity */ = {
			isa = PBXGroup;
			children = (
				44F49501242BBA6900A42658 /* Model */,
				44F494FF242BBA4F00A42658 /* View */,
				44F49500242BBA5D00A42658 /* ViewModel */,
			);
			path = Charity;
			sourceTree = "<group>";
		};
		44F494FF242BBA4F00A42658 /* View */ = {
			isa = PBXGroup;
			children = (
			);
			path = View;
			sourceTree = "<group>";
		};
		44F49500242BBA5D00A42658 /* ViewModel */ = {
			isa = PBXGroup;
			children = (
			);
			path = ViewModel;
			sourceTree = "<group>";
		};
		44F49501242BBA6900A42658 /* Model */ = {
			isa = PBXGroup;
			children = (
			);
			path = Model;
			sourceTree = "<group>";
		};
		44FC0A0224017016003A7E7E /* Map */ = {
			isa = PBXGroup;
			children = (
				1643C5F42416B25800599D0D /* DetailMap */,
				44FC0A042401713B003A7E7E /* Model */,
				4431560023CF65D0004B5B59 /* View */,
				44FC0A032401710D003A7E7E /* ViewModel */,
			);
			path = Map;
			sourceTree = "<group>";
		};
		44FC0A032401710D003A7E7E /* ViewModel */ = {
			isa = PBXGroup;
			children = (
				442A067F23D2C781004E98DB /* MapViewModel.swift */,
			);
			path = ViewModel;
			sourceTree = "<group>";
		};
		44FC0A042401713B003A7E7E /* Model */ = {
			isa = PBXGroup;
			children = (
				443155FD23CF552B004B5B59 /* MapModel.swift */,
			);
			path = Model;
			sourceTree = "<group>";
		};
		44FC0A1A24017605003A7E7E /* View */ = {
			isa = PBXGroup;
			children = (
				1617BCBB2418FA4500B63715 /* List */,
				1617BCB82418FA4500B63715 /* Details */,
			);
			path = View;
			sourceTree = "<group>";
		};
		44FC0A1B2401760E003A7E7E /* ViewModel */ = {
			isa = PBXGroup;
			children = (
				1617BCC22418FA5E00B63715 /* PrayerViewModel.swift */,
			);
			path = ViewModel;
			sourceTree = "<group>";
		};
		44FC0A1C24017614003A7E7E /* Model */ = {
			isa = PBXGroup;
			children = (
				1617BCB62418FA3300B63715 /* PrayerModel.swift */,
			);
			path = Model;
			sourceTree = "<group>";
		};
		44FC0A20240274FB003A7E7E /* Splash */ = {
			isa = PBXGroup;
			children = (
				44FC0A2124027522003A7E7E /* View */,
			);
			path = Splash;
			sourceTree = "<group>";
		};
		44FC0A2124027522003A7E7E /* View */ = {
			isa = PBXGroup;
			children = (
				44FC0A2224027566003A7E7E /* SplashViewController.swift */,
			);
			path = View;
			sourceTree = "<group>";
		};
		44FC0A24240277D7003A7E7E /* Onboarding */ = {
			isa = PBXGroup;
			children = (
				44FC0A282402780B003A7E7E /* Model */,
				44FC0A25240277EC003A7E7E /* View */,
				44FC0A26240277F5003A7E7E /* ViewModel */,
			);
			path = Onboarding;
			sourceTree = "<group>";
		};
		44FC0A25240277EC003A7E7E /* View */ = {
			isa = PBXGroup;
			children = (
				44FC0A292402796D003A7E7E /* OnboardingViewController.swift */,
				1617BCB42418FA0400B63715 /* OnboardingScreenCollectionViewCell.swift */,
			);
			path = View;
			sourceTree = "<group>";
		};
		44FC0A26240277F5003A7E7E /* ViewModel */ = {
			isa = PBXGroup;
			children = (
			);
			path = ViewModel;
			sourceTree = "<group>";
		};
		44FC0A282402780B003A7E7E /* Model */ = {
			isa = PBXGroup;
			children = (
				1617BCB22418F9D500B63715 /* OnboardingModel.swift */,
			);
			path = Model;
			sourceTree = "<group>";
		};
		A311C5691A198B94B5680AE9 /* Frameworks */ = {
			isa = PBXGroup;
			children = (
				4431560323D063D5004B5B59 /* libGoogle-Maps-iOS-Utils.a */,
				314075550757F62B33A2BC7E /* libPods-MyChurch.a */,
			);
			name = Frameworks;
			sourceTree = "<group>";
		};
		FD7464E5D85BDC37C6677429 /* Pods */ = {
			isa = PBXGroup;
			children = (
				471E3B8C5286604703987697 /* Pods-PCU.debug.xcconfig */,
				CE97DA3DAEFE0D763968E1FC /* Pods-PCU.release.xcconfig */,
				ECE781CCA2CE73B231BA4F3E /* Pods-MyChurch.debug.xcconfig */,
				3A7B8948B07C3AEDD9C87ADB /* Pods-MyChurch.release.xcconfig */,
			);
			path = Pods;
			sourceTree = "<group>";
		};
/* End PBXGroup section */

/* Begin PBXNativeTarget section */
		443155E123CF368B004B5B59 /* MyChurch */ = {
			isa = PBXNativeTarget;
			buildConfigurationList = 443155F923CF368E004B5B59 /* Build configuration list for PBXNativeTarget "MyChurch" */;
			buildPhases = (
				A871B346AD2AC7D14A719A80 /* [CP] Check Pods Manifest.lock */,
				443155DE23CF368B004B5B59 /* Sources */,
				443155DF23CF368B004B5B59 /* Frameworks */,
				443155E023CF368B004B5B59 /* Resources */,
				F6C83C8BA420CB701029F533 /* [CP] Copy Pods Resources */,
			);
			buildRules = (
			);
			dependencies = (
			);
			name = MyChurch;
			productName = PCU;
			productReference = 443155E223CF368C004B5B59 /* Моя церква.app */;
			productType = "com.apple.product-type.application";
		};
/* End PBXNativeTarget section */

/* Begin PBXProject section */
		443155DA23CF368B004B5B59 /* Project object */ = {
			isa = PBXProject;
			attributes = {
				KnownAssetTags = (
					New,
				);
				LastSwiftUpdateCheck = 1130;
				LastUpgradeCheck = 1130;
				ORGANIZATIONNAME = "Oleksandr Lohozinskyi";
				TargetAttributes = {
					443155E123CF368B004B5B59 = {
						CreatedOnToolsVersion = 11.3.1;
					};
				};
			};
			buildConfigurationList = 443155DD23CF368B004B5B59 /* Build configuration list for PBXProject "MyChurch" */;
			compatibilityVersion = "Xcode 11.0";
			developmentRegion = en;
			hasScannedForEncodings = 0;
			knownRegions = (
				en,
				Base,
			);
			mainGroup = 443155D923CF368B004B5B59;
			productRefGroup = 443155E323CF368C004B5B59 /* Products */;
			projectDirPath = "";
			projectRoot = "";
			targets = (
				443155E123CF368B004B5B59 /* MyChurch */,
			);
		};
/* End PBXProject section */

/* Begin PBXResourcesBuildPhase section */
		443155E023CF368B004B5B59 /* Resources */ = {
			isa = PBXResourcesBuildPhase;
			buildActionMask = 2147483647;
			files = (
				443155F523CF368E004B5B59 /* LaunchScreen.storyboard in Resources */,
				443155F223CF368E004B5B59 /* Assets.xcassets in Resources */,
			);
			runOnlyForDeploymentPostprocessing = 0;
		};
/* End PBXResourcesBuildPhase section */

/* Begin PBXShellScriptBuildPhase section */
		A871B346AD2AC7D14A719A80 /* [CP] Check Pods Manifest.lock */ = {
			isa = PBXShellScriptBuildPhase;
			buildActionMask = 2147483647;
			files = (
			);
			inputFileListPaths = (
			);
			inputPaths = (
				"${PODS_PODFILE_DIR_PATH}/Podfile.lock",
				"${PODS_ROOT}/Manifest.lock",
			);
			name = "[CP] Check Pods Manifest.lock";
			outputFileListPaths = (
			);
			outputPaths = (
				"$(DERIVED_FILE_DIR)/Pods-MyChurch-checkManifestLockResult.txt",
			);
			runOnlyForDeploymentPostprocessing = 0;
			shellPath = /bin/sh;
			shellScript = "diff \"${PODS_PODFILE_DIR_PATH}/Podfile.lock\" \"${PODS_ROOT}/Manifest.lock\" > /dev/null\nif [ $? != 0 ] ; then\n    # print error to STDERR\n    echo \"error: The sandbox is not in sync with the Podfile.lock. Run 'pod install' or update your CocoaPods installation.\" >&2\n    exit 1\nfi\n# This output is used by Xcode 'outputs' to avoid re-running this script phase.\necho \"SUCCESS\" > \"${SCRIPT_OUTPUT_FILE_0}\"\n";
			showEnvVarsInLog = 0;
		};
		F6C83C8BA420CB701029F533 /* [CP] Copy Pods Resources */ = {
			isa = PBXShellScriptBuildPhase;
			buildActionMask = 2147483647;
			files = (
			);
			inputFileListPaths = (
				"${PODS_ROOT}/Target Support Files/Pods-MyChurch/Pods-MyChurch-resources-${CONFIGURATION}-input-files.xcfilelist",
			);
			name = "[CP] Copy Pods Resources";
			outputFileListPaths = (
				"${PODS_ROOT}/Target Support Files/Pods-MyChurch/Pods-MyChurch-resources-${CONFIGURATION}-output-files.xcfilelist",
			);
			runOnlyForDeploymentPostprocessing = 0;
			shellPath = /bin/sh;
			shellScript = "\"${PODS_ROOT}/Target Support Files/Pods-MyChurch/Pods-MyChurch-resources.sh\"\n";
			showEnvVarsInLog = 0;
		};
/* End PBXShellScriptBuildPhase section */

/* Begin PBXSourcesBuildPhase section */
		443155DE23CF368B004B5B59 /* Sources */ = {
			isa = PBXSourcesBuildPhase;
			buildActionMask = 2147483647;
			files = (
				44D3DE6D245369B300732BBA /* PlayerDetailsView.swift in Sources */,
				44F494FD242BAEF000A42658 /* PCU-Bridging-Header.h in Sources */,
				1617BCB72418FA3300B63715 /* PrayerModel.swift in Sources */,
				1643C5F82416B29500599D0D /* DetailMapView.swift in Sources */,
				1617BCAF2417F65000B63715 /* DetailMapKathedralViewController.swift in Sources */,
				161EE5AD2423C1070094B8E0 /* RegistrationSecondPageViewController.swift in Sources */,
				443155F023CF368C004B5B59 /* PCU.xcdatamodeld in Sources */,
				166B481B242B707D009D9945 /* BelieverView.swift in Sources */,
				1655941E242E405200C918D0 /* GeneralPageProfileView.swift in Sources */,
				44A0905124498B4B00C69019 /* NewsModel.swift in Sources */,
				4431562723D0AE19004B5B59 /* String.swift in Sources */,
				165C28E6240FDD5800A8B685 /* ChurchTableViewCell.swift in Sources */,
				4431562423D0AE19004B5B59 /* DispatchQueueHelper.swift in Sources */,
				4431562523D0AE19004B5B59 /* UIView.swift in Sources */,
				1617BCB32418F9D500B63715 /* OnboardingModel.swift in Sources */,
				442A068223D2C834004E98DB /* ViewModel.swift in Sources */,
				444CE79923D8ADEE004667B5 /* Label.swift in Sources */,
				166B4819242B7070009D9945 /* BelieverViewController.swift in Sources */,
				4428D98C24498D63006B1186 /* NewsDetailsCollectionViewController.swift in Sources */,
				4428D98924498D28006B1186 /* NewsTableViewCell.swift in Sources */,
				44DDFF5C23D4CBE600024B7C /* Repository.swift in Sources */,
				44FC0A122401757C003A7E7E /* MapViewController.swift in Sources */,
				4431562923D0AE19004B5B59 /* UIImage + UIImageView.swift in Sources */,
				1655941C242E404600C918D0 /* GeneralPageProfileViewController.swift in Sources */,
				167AC73C24058E490044D620 /* ChutchObjects.swift in Sources */,
				166B4822242BD3C8009D9945 /* HramTableViewCell.swift in Sources */,
				161825392433882A00CFB99A /* DuhovenstvoView.swift in Sources */,
				1617BCC02418FA4500B63715 /* PrayerViewController.swift in Sources */,
				166E90BC2403FB16005376D3 /* CalendarView.swift in Sources */,
				161EE5AA2423B84D0094B8E0 /* RegistrationFirstPageView.swift in Sources */,
				161EE5AF2423C1200094B8E0 /* RegistrationSecondPageView.swift in Sources */,
				161825402433AADE00CFB99A /* ArhieriyViewController.swift in Sources */,
				162FCF8F24266E0C008F58A7 /* RegistrationFourthPageViewController.swift in Sources */,
				4424DF6723D9A92600E5AB65 /* Image.swift in Sources */,
				163E3142242FA4020018B394 /* LoginViewController.swift in Sources */,
				4431AC4523D1CE8000081EC4 /* CalendarViewController.swift in Sources */,
				1617BCB52418FA0400B63715 /* OnboardingScreenCollectionViewCell.swift in Sources */,
				161EE5A82423B83C0094B8E0 /* RegistrationFirstPageViewController.swift in Sources */,
				167AC7382405793B0044D620 /* CalendarTableCell.swift in Sources */,
				166B4826242D35E6009D9945 /* ChooseEparhiesView.swift in Sources */,
				1643C5F62416B28200599D0D /* DetailMapViewController.swift in Sources */,
				161825422433AAF000CFB99A /* ArhieriyView.swift in Sources */,
				4431AC4723D1CE9400081EC4 /* NewsViewController.swift in Sources */,
				44D3DE6B2453694300732BBA /* PlayerViewController.swift in Sources */,
				162FCF93242690B3008F58A7 /* RegistrationFifthPageViewController.swift in Sources */,
				167AC73A24058DA20044D620 /* API_Zhekon.swift in Sources */,
				442A1A8A23DB095100645ACC /* CGFloat.swift in Sources */,
				4428D99024498E29006B1186 /* NewsDetailsViewModel.swift in Sources */,
				44DDFF5A23D4CBC700024B7C /* API + EndPoints.swift in Sources */,
				167AC7402406B9110044D620 /* DetailHolidayView.swift in Sources */,
				161825442434DC4400CFB99A /* ChangeEmailViewController.swift in Sources */,
				1617BCC12418FA4500B63715 /* PrayerTableViewCell.swift in Sources */,
				166B4824242D35DA009D9945 /* ChooseEparhiesViewController.swift in Sources */,
				4431562323D0AE19004B5B59 /* UIViewController.swift in Sources */,
				162FCF9124266E1D008F58A7 /* RegistrationFourthPageView.swift in Sources */,
				4431562A23D0AE19004B5B59 /* UIDevice.swift in Sources */,
				163E3144242FA4100018B394 /* LoginView.swift in Sources */,
				161825462434DC5300CFB99A /* ChangeEmailView.swift in Sources */,
				443155FE23CF552B004B5B59 /* MapModel.swift in Sources */,
				166B481D242BC445009D9945 /* ChooseHramViewController.swift in Sources */,
				44FC0A2A2402796D003A7E7E /* OnboardingViewController.swift in Sources */,
				4431560D23D0A8AC004B5B59 /* TabBarController.swift in Sources */,
				167AC7422406BFC80044D620 /* HolidayImageCollectionCell.swift in Sources */,
				1617BCB12417F65C00B63715 /* DetailMapKathedralView.swift in Sources */,
				163E3148243132270018B394 /* ChacngePasswordVIew.swift in Sources */,
				44FC0A18240175BE003A7E7E /* TempleCollectionViewController.swift in Sources */,
				163E3146243132190018B394 /* ChacngePasswordVIewController.swift in Sources */,
				443155E623CF368C004B5B59 /* AppDelegate.swift in Sources */,
				1656087224536AF5002015DB /* PlayerViewController.swift in Sources */,
				44FC0A2324027566003A7E7E /* SplashViewController.swift in Sources */,
				1617BCC72418FBB200B63715 /* ModalViewController.swift in Sources */,
				1618254A2434F09600CFB99A /* RemindPassView.swift in Sources */,
				161825372433881E00CFB99A /* DuhovenstvoViewController.swift in Sources */,
				1618253B24339B8A00CFB99A /* ChooseSanViewController.swift in Sources */,
				166B481F242BC454009D9945 /* ChooseHramView.swift in Sources */,
				1618253D24339B9B00CFB99A /* ChooseSanView.swift in Sources */,
				444CE79B23D8B2E7004667B5 /* UIColor.swift in Sources */,
				162FCF95242690BF008F58A7 /* RegistrationFifthPageView.swift in Sources */,
				4424DF6523D99AF000E5AB65 /* ScrollView + StackView.swift in Sources */,
				4431562623D0AE19004B5B59 /* NSLayout.swift in Sources */,
				4428D99224498E51006B1186 /* NewsViewModel.swift in Sources */,
				4431561423D0AAD3004B5B59 /* NavigationController.swift in Sources */,
				1617BCBF2418FA4500B63715 /* PrayerDetailsViewController.swift in Sources */,
				1617BCC32418FA5E00B63715 /* PrayerViewModel.swift in Sources */,
				1617BCBE2418FA4500B63715 /* PrayerDetailsCollectionViewCell.swift in Sources */,
				442A068023D2C781004E98DB /* MapViewModel.swift in Sources */,
				167AC73E2406B8FF0044D620 /* DetailHolidayViewController.swift in Sources */,
				161EE5B32423C3690094B8E0 /* RegistrationThirdPageView.swift in Sources */,
				444CE79723D8ABD0004667B5 /* CardElement.swift in Sources */,
				1617BCC52418FB9900B63715 /* Button.swift in Sources */,
				446252CD244EC17F00AF6B74 /* Player.swift in Sources */,
				4431561223D0AA05004B5B59 /* Constant.swift in Sources */,
				44DDFF5E23D4CC1A00024B7C /* APIService.swift in Sources */,
				4431562823D0AE19004B5B59 /* UserDefaults.swift in Sources */,
				161EE5B12423C3570094B8E0 /* RegistrationThirdPageViewController.swift in Sources */,
				161825482434F08800CFB99A /* RemindPassViewController.swift in Sources */,
				4428D98724498D0E006B1186 /* NewsViewController.swift in Sources */,
				4428D98E24498D7C006B1186 /* NewsDetailsCollectionViewCell.swift in Sources */,
				4431561823D0AB55004B5B59 /* MainViewController.swift in Sources */,
			);
			runOnlyForDeploymentPostprocessing = 0;
		};
/* End PBXSourcesBuildPhase section */

/* Begin PBXVariantGroup section */
		443155F323CF368E004B5B59 /* LaunchScreen.storyboard */ = {
			isa = PBXVariantGroup;
			children = (
				443155F423CF368E004B5B59 /* Base */,
			);
			name = LaunchScreen.storyboard;
			sourceTree = "<group>";
		};
/* End PBXVariantGroup section */

/* Begin XCBuildConfiguration section */
		443155F723CF368E004B5B59 /* Debug */ = {
			isa = XCBuildConfiguration;
			buildSettings = {
				ALWAYS_SEARCH_USER_PATHS = NO;
				CLANG_ANALYZER_NONNULL = NO;
				CLANG_ANALYZER_NUMBER_OBJECT_CONVERSION = YES;
				CLANG_CXX_LANGUAGE_STANDARD = "gnu++14";
				CLANG_CXX_LIBRARY = "libc++";
				CLANG_ENABLE_MODULES = YES;
				CLANG_ENABLE_OBJC_ARC = YES;
				CLANG_WARN_BLOCK_CAPTURE_AUTORELEASING = YES;
				CLANG_WARN_BOOL_CONVERSION = YES;
				CLANG_WARN_COMMA = YES;
				CLANG_WARN_CONSTANT_CONVERSION = YES;
				CLANG_WARN_DEPRECATED_OBJC_IMPLEMENTATIONS = YES;
				CLANG_WARN_DIRECT_OBJC_ISA_USAGE = YES_ERROR;
				CLANG_WARN_DOCUMENTATION_COMMENTS = YES;
				CLANG_WARN_EMPTY_BODY = YES;
				CLANG_WARN_ENUM_CONVERSION = YES;
				CLANG_WARN_INFINITE_RECURSION = YES;
				CLANG_WARN_INT_CONVERSION = YES;
				CLANG_WARN_NON_LITERAL_NULL_CONVERSION = YES;
				CLANG_WARN_OBJC_IMPLICIT_RETAIN_SELF = YES;
				CLANG_WARN_OBJC_LITERAL_CONVERSION = YES;
				CLANG_WARN_OBJC_ROOT_CLASS = YES_ERROR;
				CLANG_WARN_RANGE_LOOP_ANALYSIS = YES;
				CLANG_WARN_STRICT_PROTOTYPES = YES;
				CLANG_WARN_SUSPICIOUS_MOVE = YES;
				CLANG_WARN_UNGUARDED_AVAILABILITY = YES;
				CLANG_WARN_UNREACHABLE_CODE = YES;
				CLANG_WARN__DUPLICATE_METHOD_MATCH = YES;
				COPY_PHASE_STRIP = NO;
				DEBUG_INFORMATION_FORMAT = dwarf;
				ENABLE_STRICT_OBJC_MSGSEND = YES;
				ENABLE_TESTABILITY = YES;
				GCC_C_LANGUAGE_STANDARD = gnu99;
				GCC_DYNAMIC_NO_PIC = NO;
				GCC_NO_COMMON_BLOCKS = YES;
				GCC_OPTIMIZATION_LEVEL = 0;
				GCC_PREPROCESSOR_DEFINITIONS = (
					"DEBUG=1",
					"$(inherited)",
				);
				GCC_WARN_64_TO_32_BIT_CONVERSION = YES;
				GCC_WARN_ABOUT_RETURN_TYPE = YES_ERROR;
				GCC_WARN_UNDECLARED_SELECTOR = YES;
				GCC_WARN_UNINITIALIZED_AUTOS = YES_AGGRESSIVE;
				GCC_WARN_UNUSED_FUNCTION = YES;
				GCC_WARN_UNUSED_VARIABLE = YES;
				IPHONEOS_DEPLOYMENT_TARGET = 11.2;
				MTL_ENABLE_DEBUG_INFO = INCLUDE_SOURCE;
				ONLY_ACTIVE_ARCH = YES;
				SDKROOT = iphoneos;
				SWIFT_ACTIVE_COMPILATION_CONDITIONS = DEBUG;
				SWIFT_OPTIMIZATION_LEVEL = "-Onone";
			};
			name = Debug;
		};
		443155F823CF368E004B5B59 /* Release */ = {
			isa = XCBuildConfiguration;
			buildSettings = {
				ALWAYS_SEARCH_USER_PATHS = NO;
				CLANG_ANALYZER_NONNULL = NO;
				CLANG_ANALYZER_NUMBER_OBJECT_CONVERSION = YES;
				CLANG_CXX_LANGUAGE_STANDARD = "gnu++14";
				CLANG_CXX_LIBRARY = "libc++";
				CLANG_ENABLE_MODULES = YES;
				CLANG_ENABLE_OBJC_ARC = YES;
				CLANG_WARN_BLOCK_CAPTURE_AUTORELEASING = YES;
				CLANG_WARN_BOOL_CONVERSION = YES;
				CLANG_WARN_COMMA = YES;
				CLANG_WARN_CONSTANT_CONVERSION = YES;
				CLANG_WARN_DEPRECATED_OBJC_IMPLEMENTATIONS = YES;
				CLANG_WARN_DIRECT_OBJC_ISA_USAGE = YES_ERROR;
				CLANG_WARN_DOCUMENTATION_COMMENTS = YES;
				CLANG_WARN_EMPTY_BODY = YES;
				CLANG_WARN_ENUM_CONVERSION = YES;
				CLANG_WARN_INFINITE_RECURSION = YES;
				CLANG_WARN_INT_CONVERSION = YES;
				CLANG_WARN_NON_LITERAL_NULL_CONVERSION = YES;
				CLANG_WARN_OBJC_IMPLICIT_RETAIN_SELF = YES;
				CLANG_WARN_OBJC_LITERAL_CONVERSION = YES;
				CLANG_WARN_OBJC_ROOT_CLASS = YES_ERROR;
				CLANG_WARN_RANGE_LOOP_ANALYSIS = YES;
				CLANG_WARN_STRICT_PROTOTYPES = YES;
				CLANG_WARN_SUSPICIOUS_MOVE = YES;
				CLANG_WARN_UNGUARDED_AVAILABILITY = YES;
				CLANG_WARN_UNREACHABLE_CODE = YES;
				CLANG_WARN__DUPLICATE_METHOD_MATCH = YES;
				COPY_PHASE_STRIP = NO;
				DEBUG_INFORMATION_FORMAT = "dwarf-with-dsym";
				ENABLE_NS_ASSERTIONS = NO;
				ENABLE_STRICT_OBJC_MSGSEND = YES;
				GCC_C_LANGUAGE_STANDARD = gnu99;
				GCC_NO_COMMON_BLOCKS = YES;
				GCC_WARN_64_TO_32_BIT_CONVERSION = YES;
				GCC_WARN_ABOUT_RETURN_TYPE = YES_ERROR;
				GCC_WARN_UNDECLARED_SELECTOR = YES;
				GCC_WARN_UNINITIALIZED_AUTOS = YES_AGGRESSIVE;
				GCC_WARN_UNUSED_FUNCTION = YES;
				GCC_WARN_UNUSED_VARIABLE = YES;
				IPHONEOS_DEPLOYMENT_TARGET = 11.2;
				MTL_ENABLE_DEBUG_INFO = NO;
				SDKROOT = iphoneos;
				SWIFT_COMPILATION_MODE = wholemodule;
				SWIFT_OPTIMIZATION_LEVEL = "-O";
				VALIDATE_PRODUCT = YES;
			};
			name = Release;
		};
		443155FA23CF368E004B5B59 /* Debug */ = {
			isa = XCBuildConfiguration;
			baseConfigurationReference = ECE781CCA2CE73B231BA4F3E /* Pods-MyChurch.debug.xcconfig */;
			buildSettings = {
				ASSETCATALOG_COMPILER_APPICON_NAME = AppIcon;
				CODE_SIGN_IDENTITY = "Apple Development";
				CODE_SIGN_STYLE = Automatic;
				CURRENT_PROJECT_VERSION = 1;
				DEFINES_MODULE = YES;
				DEVELOPMENT_TEAM = 73VJRTF9X7;
				INFOPLIST_FILE = MyChurch/Info.plist;
				LD_RUNPATH_SEARCH_PATHS = (
					"$(inherited)",
					"@executable_path/Frameworks",
				);
				MARKETING_VERSION = 0.014;
				PRODUCT_BUNDLE_IDENTIFIER = com.alogozinsky.MyChurch;
				PRODUCT_NAME = "Моя церква";
				PROVISIONING_PROFILE_SPECIFIER = "";
				SWIFT_OBJC_BRIDGING_HEADER = "MyChurch/PCU-Bridging-Header.h";
				SWIFT_VERSION = 5.0;
				TARGETED_DEVICE_FAMILY = "1,2";
			};
			name = Debug;
		};
		443155FB23CF368E004B5B59 /* Release */ = {
			isa = XCBuildConfiguration;
			baseConfigurationReference = 3A7B8948B07C3AEDD9C87ADB /* Pods-MyChurch.release.xcconfig */;
			buildSettings = {
				ASSETCATALOG_COMPILER_APPICON_NAME = AppIcon;
				CODE_SIGN_IDENTITY = "Apple Development";
				CODE_SIGN_STYLE = Automatic;
				CURRENT_PROJECT_VERSION = 1;
				DEFINES_MODULE = YES;
				DEVELOPMENT_TEAM = 73VJRTF9X7;
				INFOPLIST_FILE = MyChurch/Info.plist;
				LD_RUNPATH_SEARCH_PATHS = (
					"$(inherited)",
					"@executable_path/Frameworks",
				);
				MARKETING_VERSION = 0.014;
				PRODUCT_BUNDLE_IDENTIFIER = com.alogozinsky.MyChurch;
				PRODUCT_NAME = "Моя церква";
				PROVISIONING_PROFILE_SPECIFIER = "";
				SWIFT_OBJC_BRIDGING_HEADER = "MyChurch/PCU-Bridging-Header.h";
				SWIFT_VERSION = 5.0;
				TARGETED_DEVICE_FAMILY = "1,2";
			};
			name = Release;
		};
/* End XCBuildConfiguration section */

/* Begin XCConfigurationList section */
		443155DD23CF368B004B5B59 /* Build configuration list for PBXProject "MyChurch" */ = {
			isa = XCConfigurationList;
			buildConfigurations = (
				443155F723CF368E004B5B59 /* Debug */,
				443155F823CF368E004B5B59 /* Release */,
			);
			defaultConfigurationIsVisible = 0;
			defaultConfigurationName = Release;
		};
		443155F923CF368E004B5B59 /* Build configuration list for PBXNativeTarget "MyChurch" */ = {
			isa = XCConfigurationList;
			buildConfigurations = (
				443155FA23CF368E004B5B59 /* Debug */,
				443155FB23CF368E004B5B59 /* Release */,
			);
			defaultConfigurationIsVisible = 0;
			defaultConfigurationName = Release;
		};
/* End XCConfigurationList section */

/* Begin XCVersionGroup section */
		443155EE23CF368C004B5B59 /* PCU.xcdatamodeld */ = {
			isa = XCVersionGroup;
			children = (
				443155EF23CF368C004B5B59 /* PCU.xcdatamodel */,
			);
			currentVersion = 443155EF23CF368C004B5B59 /* PCU.xcdatamodel */;
			path = PCU.xcdatamodeld;
			sourceTree = "<group>";
			versionGroupType = wrapper.xcdatamodel;
		};
/* End XCVersionGroup section */
	};
	rootObject = 443155DA23CF368B004B5B59 /* Project object */;
}
